
Microsoft Visual Studio Solution File, Format Version 12.00
# Visual Studio Version 17
VisualStudioVersion = 17.3.32922.545
MinimumVisualStudioVersion = 10.0.40219.1
Project("{9A19103F-16F7-4668-BE54-9A1E7A4F7556}") = "TestApp", "TestApp\TestApp.csproj", "{28D76CA6-41D2-4F08-9305-D32B1749F88F}"
EndProject
Global
	GlobalSection(SolutionConfigurationPlatforms) = preSolution
		Debug|Any CPU = Debug|Any CPU
		Release|Any CPU = Release|Any CPU
	EndGlobalSection
	GlobalSection(ProjectConfigurationPlatforms) = postSolution
		{28D76CA6-41D2-4F08-9305-D32B1749F88F}.Debug|Any CPU.ActiveCfg = Debug|Any CPU
		{28D76CA6-41D2-4F08-9305-D32B1749F88F}.Debug|Any CPU.Build.0 = Debug|Any CPU
		{28D76CA6-41D2-4F08-9305-D32B1749F88F}.Release|Any CPU.ActiveCfg = Release|Any CPU
		{28D76CA6-41D2-4F08-9305-D32B1749F88F}.Release|Any CPU.Build.0 = Release|Any CPU
	EndGlobalSection
	GlobalSection(SolutionProperties) = preSolution
		HideSolutionNode = FALSE
	EndGlobalSection
	GlobalSection(ExtensibilityGlobals) = postSolution
		SolutionGuid = {2AFB341B-40DD-431E-B3B8-3CFF105A1980}
	EndGlobalSection
EndGlobal
